<?xml version="1.0" encoding="utf-8"?>
<Project ToolsVersion="4.0" xmlns="http://schemas.microsoft.com/developer/msbuild/2003">
  <ItemGroup>
    <ClCompile Include="EditorApp.cpp" />
    <ClCompile Include="EditorAPI.cpp" />
  </ItemGroup>
  <ItemGroup>
    <ClInclude Include="EditorApp.h" />
    <ClInclude Include="EditorAPI.h" />
  </ItemGroup>
</Project>