<?xml version="1.0" encoding="utf-8"?>
<Project ToolsVersion="4.0" xmlns="http://schemas.microsoft.com/developer/msbuild/2003">
  <ItemGroup>
    <ClCompile Include="EditorApp.cpp" />
    <ClCompile Include="EditorAPI.cpp" />
    <ClCompile Include="EditorObject.cpp" />
    <ClCompile Include="Gizmo.cpp" />
    <ClCompile Include="InputCallbacks.cpp" />
    <ClCompile Include="EditorCommands.cpp" />
  </ItemGroup>
  <ItemGroup>
    <ClInclude Include="EditorApp.h" />
    <ClInclude Include="EditorAPI.h" />
    <ClInclude Include="EditorObject.h" />
    <ClInclude Include="Gizmo.h" />
    <ClInclude Include="InputCallbacks.h" />
    <ClInclude Include="EditorCommands.h" />
  </ItemGroup>
</Project>