<?xml version="1.0" encoding="utf-8"?>
<Project ToolsVersion="4.0" xmlns="http://schemas.microsoft.com/developer/msbuild/2003">
  <ItemGroup>
    <Filter Include="Graphics">
      <UniqueIdentifier>{6fda3be4-1ffd-46d7-ac2b-6d8959373f5c}</UniqueIdentifier>
    </Filter>
    <Filter Include="Input">
      <UniqueIdentifier>{66b5a7ae-04ed-4526-afc5-c925a08a26d7}</UniqueIdentifier>
    </Filter>
    <Filter Include="Platform">
      <UniqueIdentifier>{4cc5c79c-4e56-44d1-9310-152424442a87}</UniqueIdentifier>
    </Filter>
    <Filter Include="Core">
      <UniqueIdentifier>{c6e29196-2362-4170-9c8b-eacab6211457}</UniqueIdentifier>
    </Filter>
    <Filter Include="Math">
      <UniqueIdentifier>{b291b0c4-debf-4dfb-a9aa-49c22b619c40}</UniqueIdentifier>
    </Filter>
    <Filter Include="Resource">
      <UniqueIdentifier>{fb72d9be-23cd-48f8-af91-5307fdb09f44}</UniqueIdentifier>
    </Filter>
    <Filter Include="FileIO">
      <UniqueIdentifier>{7117cd9e-0f75-4ec4-aea4-eb27e4256fe1}</UniqueIdentifier>
    </Filter>
    <Filter Include="GameObject">
      <UniqueIdentifier>{0987423c-1e8b-4161-abfa-3d5a4b535ce9}</UniqueIdentifier>
    </Filter>
    <Filter Include="Utility">
      <UniqueIdentifier>{c748b774-009e-40dc-a299-6d8ec34ab1c2}</UniqueIdentifier>
    </Filter>
    <Filter Include="GameObject\Components">
      <UniqueIdentifier>{842c9f90-42ad-4f57-9fb9-166b41e5b3cd}</UniqueIdentifier>
    </Filter>
    <Filter Include="GameObject\Services">
      <UniqueIdentifier>{8962da58-2d6f-4430-96b0-fb2bdf71115a}</UniqueIdentifier>
    </Filter>
    <Filter Include="Graphics\Animations">
      <UniqueIdentifier>{0305d378-b56d-4b65-94a0-49c85d5aa151}</UniqueIdentifier>
    </Filter>
  </ItemGroup>
  <ItemGroup>
    <ClCompile Include="InputSystem.cpp">
      <Filter>Input</Filter>
    </ClCompile>
    <ClCompile Include="GraphicsSystem.cpp">
      <Filter>Graphics</Filter>
    </ClCompile>
    <ClCompile Include="Precompiled.cpp" />
    <ClCompile Include="Timer.cpp">
      <Filter>Platform</Filter>
    </ClCompile>
    <ClCompile Include="Window.cpp">
      <Filter>Platform</Filter>
    </ClCompile>
    <ClCompile Include="Application.cpp">
      <Filter>Core</Filter>
    </ClCompile>
    <ClCompile Include="Camera.cpp">
      <Filter>Graphics</Filter>
    </ClCompile>
    <ClCompile Include="Font.cpp">
      <Filter>Graphics</Filter>
    </ClCompile>
    <ClCompile Include="SimpleDraw.cpp">
      <Filter>Graphics</Filter>
    </ClCompile>
    <ClCompile Include="SpriteRenderer.cpp">
      <Filter>Graphics</Filter>
    </ClCompile>
    <ClCompile Include="Texture.cpp">
      <Filter>Graphics</Filter>
    </ClCompile>
    <ClCompile Include="ConstantBuffer.cpp">
      <Filter>Graphics</Filter>
    </ClCompile>
    <ClCompile Include="MeshUtil.cpp">
      <Filter>Graphics</Filter>
    </ClCompile>
    <ClCompile Include="Mesh.cpp">
      <Filter>Graphics</Filter>
    </ClCompile>
    <ClCompile Include="MeshBuilder.cpp">
      <Filter>Graphics</Filter>
    </ClCompile>
    <ClCompile Include="PixelShader.cpp">
      <Filter>Graphics</Filter>
    </ClCompile>
    <ClCompile Include="Sampler.cpp">
      <Filter>Graphics</Filter>
    </ClCompile>
    <ClCompile Include="VertexShader.cpp">
      <Filter>Graphics</Filter>
    </ClCompile>
    <ClCompile Include="Heightmap.cpp">
      <Filter>Graphics</Filter>
    </ClCompile>
    <ClCompile Include="Random.cpp">
      <Filter>Core</Filter>
    </ClCompile>
    <ClCompile Include="EngineMath.cpp">
      <Filter>Math</Filter>
    </ClCompile>
    <ClCompile Include="MeshBuffer.cpp">
      <Filter>Graphics</Filter>
    </ClCompile>
    <ClCompile Include="MeshRenderer.cpp">
      <Filter>Graphics</Filter>
    </ClCompile>
    <ClCompile Include="Hash.cpp">
      <Filter>Core</Filter>
    </ClCompile>
    <ClCompile Include="File.cpp">
      <Filter>FileIO</Filter>
    </ClCompile>
    <ClCompile Include="FileBuffer.cpp">
      <Filter>FileIO</Filter>
    </ClCompile>
    <ClCompile Include="Model.cpp">
      <Filter>Graphics</Filter>
    </ClCompile>
    <ClCompile Include="TextureManager.cpp">
      <Filter>Resource</Filter>
    </ClCompile>
    <ClCompile Include="ID.cpp">
      <Filter>GameObject</Filter>
    </ClCompile>
    <ClCompile Include="Path.cpp">
      <Filter>FileIO</Filter>
    </ClCompile>
    <ClCompile Include="IO.cpp">
      <Filter>FileIO</Filter>
    </ClCompile>
    <ClCompile Include="TString.cpp">
      <Filter>Utility</Filter>
    </ClCompile>
    <ClCompile Include="AssetLoader.cpp">
      <Filter>Utility</Filter>
    </ClCompile>
    <ClCompile Include="GameObject.cpp">
      <Filter>GameObject</Filter>
    </ClCompile>
    <ClCompile Include="TransformComponent.cpp">
      <Filter>GameObject\Components</Filter>
    </ClCompile>
    <ClCompile Include="ModelComponent.cpp">
      <Filter>GameObject\Components</Filter>
    </ClCompile>
    <ClCompile Include="RenderService.cpp">
      <Filter>GameObject\Services</Filter>
    </ClCompile>
    <ClCompile Include="Bone.cpp">
      <Filter>Graphics\Animations</Filter>
    </ClCompile>
  </ItemGroup>
  <ItemGroup>
    <ClInclude Include="InputEvent.h">
      <Filter>Input</Filter>
    </ClInclude>
    <ClInclude Include="InputSystem.h">
      <Filter>Input</Filter>
    </ClInclude>
    <ClInclude Include="InputTypes.h">
      <Filter>Input</Filter>
    </ClInclude>
    <ClInclude Include="GraphicsSystem.h">
      <Filter>Graphics</Filter>
    </ClInclude>
    <ClInclude Include="Common.h" />
    <ClInclude Include="Engine.h" />
    <ClInclude Include="Precompiled.h" />
    <ClInclude Include="Timer.h">
      <Filter>Platform</Filter>
    </ClInclude>
    <ClInclude Include="Window.h">
      <Filter>Platform</Filter>
    </ClInclude>
    <ClInclude Include="Delegate.h">
      <Filter>Core</Filter>
    </ClInclude>
    <ClInclude Include="Application.h">
      <Filter>Core</Filter>
    </ClInclude>
    <ClInclude Include="Camera.h">
      <Filter>Graphics</Filter>
    </ClInclude>
    <ClInclude Include="Font.h">
      <Filter>Graphics</Filter>
    </ClInclude>
    <ClInclude Include="SimpleDraw.h">
      <Filter>Graphics</Filter>
    </ClInclude>
    <ClInclude Include="SpriteRenderer.h">
      <Filter>Graphics</Filter>
    </ClInclude>
    <ClInclude Include="Texture.h">
      <Filter>Graphics</Filter>
    </ClInclude>
    <ClInclude Include="ConstantBuffer.h">
      <Filter>Graphics</Filter>
    </ClInclude>
    <ClInclude Include="Mesh.h">
      <Filter>Graphics</Filter>
    </ClInclude>
    <ClInclude Include="MeshBuilder.h">
      <Filter>Graphics</Filter>
    </ClInclude>
    <ClInclude Include="MeshUtil.h">
      <Filter>Graphics</Filter>
    </ClInclude>
    <ClInclude Include="Sampler.h">
      <Filter>Graphics</Filter>
    </ClInclude>
    <ClInclude Include="VertexShader.h">
      <Filter>Graphics</Filter>
    </ClInclude>
    <ClInclude Include="PixelShader.h">
      <Filter>Graphics</Filter>
    </ClInclude>
    <ClInclude Include="Heightmap.h">
      <Filter>Graphics</Filter>
    </ClInclude>
    <ClInclude Include="Random.h">
      <Filter>Core</Filter>
    </ClInclude>
    <ClInclude Include="Vector3.h">
      <Filter>Math</Filter>
    </ClInclude>
    <ClInclude Include="Matrix.h">
      <Filter>Math</Filter>
    </ClInclude>
    <ClInclude Include="EngineMath.h">
      <Filter>Math</Filter>
    </ClInclude>
    <ClInclude Include="Color.h">
      <Filter>Graphics</Filter>
    </ClInclude>
    <ClInclude Include="Vector2.h">
      <Filter>Math</Filter>
    </ClInclude>
    <ClInclude Include="MeshBuffer.h">
      <Filter>Graphics</Filter>
    </ClInclude>
    <ClInclude Include="MeshRenderer.h">
      <Filter>Graphics</Filter>
    </ClInclude>
    <ClInclude Include="ComplexNumber.h">
      <Filter>Math</Filter>
    </ClInclude>
    <ClInclude Include="Resource.h">
      <Filter>Resource</Filter>
    </ClInclude>
    <ClInclude Include="Hash.h">
      <Filter>Core</Filter>
    </ClInclude>
    <ClInclude Include="ResourceManager.h">
      <Filter>Resource</Filter>
    </ClInclude>
    <ClInclude Include="File.h">
      <Filter>FileIO</Filter>
    </ClInclude>
    <ClInclude Include="FileBuffer.h">
      <Filter>FileIO</Filter>
    </ClInclude>
    <ClInclude Include="Serializer.h">
      <Filter>FileIO</Filter>
    </ClInclude>
    <ClInclude Include="Model.h">
      <Filter>Graphics</Filter>
    </ClInclude>
    <ClInclude Include="Quaternion.h">
      <Filter>Math</Filter>
    </ClInclude>
    <ClInclude Include="TextureManager.h">
      <Filter>Resource</Filter>
    </ClInclude>
    <ClInclude Include="MetaTypes.h">
      <Filter>GameObject</Filter>
    </ClInclude>
    <ClInclude Include="Repository.h">
      <Filter>GameObject</Filter>
    </ClInclude>
    <ClInclude Include="ID.h">
      <Filter>GameObject</Filter>
    </ClInclude>
    <ClInclude Include="Path.h">
      <Filter>FileIO</Filter>
    </ClInclude>
    <ClInclude Include="IO.h">
      <Filter>FileIO</Filter>
    </ClInclude>
    <ClInclude Include="TString.h">
      <Filter>Utility</Filter>
    </ClInclude>
    <ClInclude Include="AssetLoader.h">
      <Filter>Utility</Filter>
    </ClInclude>
    <ClInclude Include="GameObject.h">
      <Filter>GameObject</Filter>
    </ClInclude>
    <ClInclude Include="TransformComponent.h">
      <Filter>GameObject\Components</Filter>
    </ClInclude>
    <ClInclude Include="ModelComponent.h">
      <Filter>GameObject\Components</Filter>
    </ClInclude>
    <ClInclude Include="Service.h">
      <Filter>GameObject\Services</Filter>
    </ClInclude>
    <ClInclude Include="RenderService.h">
      <Filter>GameObject\Services</Filter>
    </ClInclude>
    <ClInclude Include="RepositoryTypes.h">
      <Filter>GameObject</Filter>
    </ClInclude>
    <ClInclude Include="Bone.h">
      <Filter>Graphics\Animations</Filter>
    </ClInclude>
  </ItemGroup>
  <ItemGroup>
    <None Include="Vector3.inl">
      <Filter>Math</Filter>
    </None>
    <None Include="Matrix.inl">
      <Filter>Math</Filter>
    </None>
    <None Include="EngineMath.inl">
      <Filter>Math</Filter>
    </None>
    <None Include="ComplexNumber.inl">
      <Filter>Math</Filter>
    </None>
    <None Include="ResourceManager.inl">
      <Filter>Resource</Filter>
    </None>
    <None Include="MetaTypeDefines.tup">
      <Filter>GameObject</Filter>
    </None>
    <None Include="Repository.inl">
      <Filter>GameObject</Filter>
    </None>
    <None Include="Quaternion.inl">
      <Filter>Math</Filter>
    </None>
    <None Include="Service.inl">
      <Filter>GameObject\Services</Filter>
    </None>
  </ItemGroup>
</Project>